
Microsoft Visual Studio Solution File, Format Version 12.00
# Visual Studio 2013
VisualStudioVersion = 12.0.30723.0
MinimumVisualStudioVersion = 10.0.40219.1
Project("{FAE04EC0-301F-11D3-BF4B-00C04F79EFBC}") = "Problem 1-Decimal to binary", "Problem 1-Decimal to binary\Problem 1-Decimal to binary.csproj", "{097BE09C-0EF5-4398-B597-8C7F438426DE}"
EndProject
Project("{FAE04EC0-301F-11D3-BF4B-00C04F79EFBC}") = "Problem 2-Binary to decimal", "Problem 2-Binary to decimal\Problem 2-Binary to decimal.csproj", "{B8F55EE8-2F6E-4605-A4DC-DABD3AAC75AE}"
EndProject
Project("{FAE04EC0-301F-11D3-BF4B-00C04F79EFBC}") = "Problem 3-Decimal to hexadecimal", "Problem 3-Decimal to hexadecimal\Problem 3-Decimal to hexadecimal.csproj", "{E1841332-8944-4678-AE42-C5E733767218}"
EndProject
Project("{FAE04EC0-301F-11D3-BF4B-00C04F79EFBC}") = "Problem 4-Hexadecimal to decimal", "Problem 4-Hexadecimal to decimal\Problem 4-Hexadecimal to decimal.csproj", "{FCD902BE-813D-4923-BC4F-CC066FDF9BEB}"
EndProject
Project("{FAE04EC0-301F-11D3-BF4B-00C04F79EFBC}") = "Problem 5-Hexadecimal to binary", "Problem 5-Hexadecimal to binary\Problem 5-Hexadecimal to binary.csproj", "{10D3DF5A-C228-4BA2-8D3A-F788807F5EF6}"
EndProject
Project("{FAE04EC0-301F-11D3-BF4B-00C04F79EFBC}") = "Problem 6-Binary to hexadecimal", "Problem 6-Binary to hexadecimal\Problem 6-Binary to hexadecimal.csproj", "{EFB85E54-AC93-4F7C-BF4C-32E66D9A5908}"
EndProject
Project("{FAE04EC0-301F-11D3-BF4B-00C04F79EFBC}") = "Problem 7-One system to any other", "Problem 7-One system to any other\Problem 7-One system to any other.csproj", "{D17E694F-DF01-45AF-AE08-4856DABF8A17}"
EndProject
Project("{FAE04EC0-301F-11D3-BF4B-00C04F79EFBC}") = "Problem 8-Binary short", "Problem 8-Binary short\Problem 8-Binary short.csproj", "{6AB3F920-6F97-470B-A1E7-810AE14FD7ED}"
EndProject
Global
	GlobalSection(SolutionConfigurationPlatforms) = preSolution
		Debug|Any CPU = Debug|Any CPU
		Release|Any CPU = Release|Any CPU
	EndGlobalSection
	GlobalSection(ProjectConfigurationPlatforms) = postSolution
		{097BE09C-0EF5-4398-B597-8C7F438426DE}.Debug|Any CPU.ActiveCfg = Debug|Any CPU
		{097BE09C-0EF5-4398-B597-8C7F438426DE}.Debug|Any CPU.Build.0 = Debug|Any CPU
		{097BE09C-0EF5-4398-B597-8C7F438426DE}.Release|Any CPU.ActiveCfg = Release|Any CPU
		{097BE09C-0EF5-4398-B597-8C7F438426DE}.Release|Any CPU.Build.0 = Release|Any CPU
		{B8F55EE8-2F6E-4605-A4DC-DABD3AAC75AE}.Debug|Any CPU.ActiveCfg = Debug|Any CPU
		{B8F55EE8-2F6E-4605-A4DC-DABD3AAC75AE}.Debug|Any CPU.Build.0 = Debug|Any CPU
		{B8F55EE8-2F6E-4605-A4DC-DABD3AAC75AE}.Release|Any CPU.ActiveCfg = Release|Any CPU
		{B8F55EE8-2F6E-4605-A4DC-DABD3AAC75AE}.Release|Any CPU.Build.0 = Release|Any CPU
		{E1841332-8944-4678-AE42-C5E733767218}.Debug|Any CPU.ActiveCfg = Debug|Any CPU
		{E1841332-8944-4678-AE42-C5E733767218}.Debug|Any CPU.Build.0 = Debug|Any CPU
		{E1841332-8944-4678-AE42-C5E733767218}.Release|Any CPU.ActiveCfg = Release|Any CPU
		{E1841332-8944-4678-AE42-C5E733767218}.Release|Any CPU.Build.0 = Release|Any CPU
		{FCD902BE-813D-4923-BC4F-CC066FDF9BEB}.Debug|Any CPU.ActiveCfg = Debug|Any CPU
		{FCD902BE-813D-4923-BC4F-CC066FDF9BEB}.Debug|Any CPU.Build.0 = Debug|Any CPU
		{FCD902BE-813D-4923-BC4F-CC066FDF9BEB}.Release|Any CPU.ActiveCfg = Release|Any CPU
		{FCD902BE-813D-4923-BC4F-CC066FDF9BEB}.Release|Any CPU.Build.0 = Release|Any CPU
		{10D3DF5A-C228-4BA2-8D3A-F788807F5EF6}.Debug|Any CPU.ActiveCfg = Debug|Any CPU
		{10D3DF5A-C228-4BA2-8D3A-F788807F5EF6}.Debug|Any CPU.Build.0 = Debug|Any CPU
		{10D3DF5A-C228-4BA2-8D3A-F788807F5EF6}.Release|Any CPU.ActiveCfg = Release|Any CPU
		{10D3DF5A-C228-4BA2-8D3A-F788807F5EF6}.Release|Any CPU.Build.0 = Release|Any CPU
		{EFB85E54-AC93-4F7C-BF4C-32E66D9A5908}.Debug|Any CPU.ActiveCfg = Debug|Any CPU
		{EFB85E54-AC93-4F7C-BF4C-32E66D9A5908}.Debug|Any CPU.Build.0 = Debug|Any CPU
		{EFB85E54-AC93-4F7C-BF4C-32E66D9A5908}.Release|Any CPU.ActiveCfg = Release|Any CPU
		{EFB85E54-AC93-4F7C-BF4C-32E66D9A5908}.Release|Any CPU.Build.0 = Release|Any CPU
		{D17E694F-DF01-45AF-AE08-4856DABF8A17}.Debug|Any CPU.ActiveCfg = Debug|Any CPU
		{D17E694F-DF01-45AF-AE08-4856DABF8A17}.Debug|Any CPU.Build.0 = Debug|Any CPU
		{D17E694F-DF01-45AF-AE08-4856DABF8A17}.Release|Any CPU.ActiveCfg = Release|Any CPU
		{D17E694F-DF01-45AF-AE08-4856DABF8A17}.Release|Any CPU.Build.0 = Release|Any CPU
		{6AB3F920-6F97-470B-A1E7-810AE14FD7ED}.Debug|Any CPU.ActiveCfg = Debug|Any CPU
		{6AB3F920-6F97-470B-A1E7-810AE14FD7ED}.Debug|Any CPU.Build.0 = Debug|Any CPU
		{6AB3F920-6F97-470B-A1E7-810AE14FD7ED}.Release|Any CPU.ActiveCfg = Release|Any CPU
		{6AB3F920-6F97-470B-A1E7-810AE14FD7ED}.Release|Any CPU.Build.0 = Release|Any CPU
	EndGlobalSection
	GlobalSection(SolutionProperties) = preSolution
		HideSolutionNode = FALSE
	EndGlobalSection
EndGlobal
