
Microsoft Visual Studio Solution File, Format Version 12.00
# Visual Studio 2013
VisualStudioVersion = 12.0.30723.0
MinimumVisualStudioVersion = 10.0.40219.1
Project("{FAE04EC0-301F-11D3-BF4B-00C04F79EFBC}") = "Problem 2-Students and workers", "Problem 2-Students and workers\Problem 2-Students and workers.csproj", "{05B5F114-3214-43E5-B933-294EDD40497E}"
EndProject
Project("{FAE04EC0-301F-11D3-BF4B-00C04F79EFBC}") = "Problem 3-Animal hierarchy", "Problem 3-Animal hierarchy\Problem 3-Animal hierarchy.csproj", "{080BF0F8-DEEB-4A31-A359-040790044FAC}"
EndProject
Project("{FAE04EC0-301F-11D3-BF4B-00C04F79EFBC}") = "Problem 1- School classes", "Problem 1- School classes\Problem 1- School classes.csproj", "{DA2982CC-882E-4204-8BA2-4A8DC8F60064}"
EndProject
Global
	GlobalSection(SolutionConfigurationPlatforms) = preSolution
		Debug|Any CPU = Debug|Any CPU
		Release|Any CPU = Release|Any CPU
	EndGlobalSection
	GlobalSection(ProjectConfigurationPlatforms) = postSolution
		{05B5F114-3214-43E5-B933-294EDD40497E}.Debug|Any CPU.ActiveCfg = Debug|Any CPU
		{05B5F114-3214-43E5-B933-294EDD40497E}.Debug|Any CPU.Build.0 = Debug|Any CPU
		{05B5F114-3214-43E5-B933-294EDD40497E}.Release|Any CPU.ActiveCfg = Release|Any CPU
		{05B5F114-3214-43E5-B933-294EDD40497E}.Release|Any CPU.Build.0 = Release|Any CPU
		{080BF0F8-DEEB-4A31-A359-040790044FAC}.Debug|Any CPU.ActiveCfg = Debug|Any CPU
		{080BF0F8-DEEB-4A31-A359-040790044FAC}.Debug|Any CPU.Build.0 = Debug|Any CPU
		{080BF0F8-DEEB-4A31-A359-040790044FAC}.Release|Any CPU.ActiveCfg = Release|Any CPU
		{080BF0F8-DEEB-4A31-A359-040790044FAC}.Release|Any CPU.Build.0 = Release|Any CPU
		{DA2982CC-882E-4204-8BA2-4A8DC8F60064}.Debug|Any CPU.ActiveCfg = Debug|Any CPU
		{DA2982CC-882E-4204-8BA2-4A8DC8F60064}.Debug|Any CPU.Build.0 = Debug|Any CPU
		{DA2982CC-882E-4204-8BA2-4A8DC8F60064}.Release|Any CPU.ActiveCfg = Release|Any CPU
		{DA2982CC-882E-4204-8BA2-4A8DC8F60064}.Release|Any CPU.Build.0 = Release|Any CPU
	EndGlobalSection
	GlobalSection(SolutionProperties) = preSolution
		HideSolutionNode = FALSE
	EndGlobalSection
EndGlobal
